
Microsoft Visual Studio Solution File, Format Version 12.00
# Visual Studio Version 17
VisualStudioVersion = 17.6.33723.286
MinimumVisualStudioVersion = 10.0.40219.1
Project("{FAE04EC0-301F-11D3-BF4B-00C04F79EFBC}") = "Task1", "Task1\Task1.csproj", "{91751DC5-2FDA-4A05-8B35-DB5125FC5F42}"
EndProject
Project("{2150E333-8FDC-42A3-9474-1A3956D46DE8}") = "Элементы решения", "Элементы решения", "{8534631D-BF6A-4FCD-AC4F-B62EDB734B33}"
	ProjectSection(SolutionItems) = preProject
		README.md = README.md
	EndProjectSection
EndProject
Global
	GlobalSection(SolutionConfigurationPlatforms) = preSolution
		Debug|Any CPU = Debug|Any CPU
		Release|Any CPU = Release|Any CPU
	EndGlobalSection
	GlobalSection(ProjectConfigurationPlatforms) = postSolution
		{91751DC5-2FDA-4A05-8B35-DB5125FC5F42}.Debug|Any CPU.ActiveCfg = Debug|Any CPU
		{91751DC5-2FDA-4A05-8B35-DB5125FC5F42}.Debug|Any CPU.Build.0 = Debug|Any CPU
		{91751DC5-2FDA-4A05-8B35-DB5125FC5F42}.Release|Any CPU.ActiveCfg = Release|Any CPU
		{91751DC5-2FDA-4A05-8B35-DB5125FC5F42}.Release|Any CPU.Build.0 = Release|Any CPU
	EndGlobalSection
	GlobalSection(SolutionProperties) = preSolution
		HideSolutionNode = FALSE
	EndGlobalSection
	GlobalSection(ExtensibilityGlobals) = postSolution
		SolutionGuid = {F1DDA132-D917-4AC2-8F25-8623F77D7F4C}
	EndGlobalSection
EndGlobal
